
Microsoft Visual Studio Solution File, Format Version 12.00
# Visual Studio Version 17
VisualStudioVersion = 17.0.31903.59
MinimumVisualStudioVersion = 10.0.40219.1
Project("{FAE04EC0-301F-11D3-BF4B-00C04F79EFBC}") = "Bagman.Api", "src\Bagman.Api\Bagman.Api.csproj", "{CB53474A-8187-4E93-92F9-8FA08093DF62}"
EndProject
Project("{FAE04EC0-301F-11D3-BF4B-00C04F79EFBC}") = "Bagman.Contracts", "src\Bagman.Contracts\Bagman.Contracts.csproj", "{3A5107FB-0597-43CA-8A8A-D3094F3E380F}"
EndProject
Project("{FAE04EC0-301F-11D3-BF4B-00C04F79EFBC}") = "Bagman.Domain", "src\Bagman.Domain\Bagman.Domain.csproj", "{52256ECE-C087-4856-BCE8-432ED8DF5DBB}"
EndProject
Project("{FAE04EC0-301F-11D3-BF4B-00C04F79EFBC}") = "Bagman.Infrastructure", "src\Bagman.Infrastructure\Bagman.Infrastructure.csproj", "{620706A5-E6DA-46D8-9DE1-68BB88F3CC38}"
EndProject
Project("{FAE04EC0-301F-11D3-BF4B-00C04F79EFBC}") = "Bagman.Web", "src\Bagman.Web\Bagman.Web.csproj", "{154B57D9-3F9F-4DFA-BABD-EB0BBA532422}"
EndProject
Project("{FAE04EC0-301F-11D3-BF4B-00C04F79EFBC}") = "Bagman.IntegrationTests", "tests\Bagman.IntegrationTests\Bagman.IntegrationTests.csproj", "{D665BBB6-D075-46E0-87AC-B32DDB9F5A68}"
EndProject
Global
	GlobalSection(SolutionConfigurationPlatforms) = preSolution
		Debug|Any CPU = Debug|Any CPU
		Release|Any CPU = Release|Any CPU
	EndGlobalSection
	GlobalSection(SolutionProperties) = preSolution
		HideSolutionNode = FALSE
	EndGlobalSection
	GlobalSection(ProjectConfigurationPlatforms) = postSolution
		{CB53474A-8187-4E93-92F9-8FA08093DF62}.Debug|Any CPU.ActiveCfg = Debug|Any CPU
		{CB53474A-8187-4E93-92F9-8FA08093DF62}.Debug|Any CPU.Build.0 = Debug|Any CPU
		{CB53474A-8187-4E93-92F9-8FA08093DF62}.Release|Any CPU.ActiveCfg = Release|Any CPU
		{CB53474A-8187-4E93-92F9-8FA08093DF62}.Release|Any CPU.Build.0 = Release|Any CPU
		{3A5107FB-0597-43CA-8A8A-D3094F3E380F}.Debug|Any CPU.ActiveCfg = Debug|Any CPU
		{3A5107FB-0597-43CA-8A8A-D3094F3E380F}.Debug|Any CPU.Build.0 = Debug|Any CPU
		{3A5107FB-0597-43CA-8A8A-D3094F3E380F}.Release|Any CPU.ActiveCfg = Release|Any CPU
		{3A5107FB-0597-43CA-8A8A-D3094F3E380F}.Release|Any CPU.Build.0 = Release|Any CPU
		{52256ECE-C087-4856-BCE8-432ED8DF5DBB}.Debug|Any CPU.ActiveCfg = Debug|Any CPU
		{52256ECE-C087-4856-BCE8-432ED8DF5DBB}.Debug|Any CPU.Build.0 = Debug|Any CPU
		{52256ECE-C087-4856-BCE8-432ED8DF5DBB}.Release|Any CPU.ActiveCfg = Release|Any CPU
		{52256ECE-C087-4856-BCE8-432ED8DF5DBB}.Release|Any CPU.Build.0 = Release|Any CPU
		{620706A5-E6DA-46D8-9DE1-68BB88F3CC38}.Debug|Any CPU.ActiveCfg = Debug|Any CPU
		{620706A5-E6DA-46D8-9DE1-68BB88F3CC38}.Debug|Any CPU.Build.0 = Debug|Any CPU
		{620706A5-E6DA-46D8-9DE1-68BB88F3CC38}.Release|Any CPU.ActiveCfg = Release|Any CPU
		{620706A5-E6DA-46D8-9DE1-68BB88F3CC38}.Release|Any CPU.Build.0 = Release|Any CPU
		{154B57D9-3F9F-4DFA-BABD-EB0BBA532422}.Debug|Any CPU.ActiveCfg = Debug|Any CPU
		{154B57D9-3F9F-4DFA-BABD-EB0BBA532422}.Debug|Any CPU.Build.0 = Debug|Any CPU
		{154B57D9-3F9F-4DFA-BABD-EB0BBA532422}.Release|Any CPU.ActiveCfg = Release|Any CPU
		{154B57D9-3F9F-4DFA-BABD-EB0BBA532422}.Release|Any CPU.Build.0 = Release|Any CPU
		{D665BBB6-D075-46E0-87AC-B32DDB9F5A68}.Debug|Any CPU.ActiveCfg = Debug|Any CPU
		{D665BBB6-D075-46E0-87AC-B32DDB9F5A68}.Debug|Any CPU.Build.0 = Debug|Any CPU
		{D665BBB6-D075-46E0-87AC-B32DDB9F5A68}.Release|Any CPU.ActiveCfg = Release|Any CPU
		{D665BBB6-D075-46E0-87AC-B32DDB9F5A68}.Release|Any CPU.Build.0 = Release|Any CPU
	EndGlobalSection
EndGlobal
